
Microsoft Visual Studio Solution File, Format Version 12.00
# Visual Studio Version 17
VisualStudioVersion = 17.1.32210.238
MinimumVisualStudioVersion = 10.0.40219.1
Project("{FAE04EC0-301F-11D3-BF4B-00C04F79EFBC}") = "MovieShopAPI", "MovieShopAPI\MovieShopAPI.csproj", "{ECC2AA03-4606-46D0-8B18-D4A5D1D07CEB}"
EndProject
Project("{9A19103F-16F7-4668-BE54-9A1E7A4F7556}") = "ApplicationCore", "..\MovieShopMVC\ApplicationCore\ApplicationCore.csproj", "{BB69B93D-ACD5-42F3-A535-EB317C3F2188}"
EndProject
Project("{9A19103F-16F7-4668-BE54-9A1E7A4F7556}") = "Infrastructure", "..\MovieShopMVC\Infrastructure\Infrastructure.csproj", "{EF1865EC-1307-47D9-BD13-CC1F57743DC2}"
EndProject
Global
	GlobalSection(SolutionConfigurationPlatforms) = preSolution
		Debug|Any CPU = Debug|Any CPU
		Release|Any CPU = Release|Any CPU
	EndGlobalSection
	GlobalSection(ProjectConfigurationPlatforms) = postSolution
		{ECC2AA03-4606-46D0-8B18-D4A5D1D07CEB}.Debug|Any CPU.ActiveCfg = Debug|Any CPU
		{ECC2AA03-4606-46D0-8B18-D4A5D1D07CEB}.Debug|Any CPU.Build.0 = Debug|Any CPU
		{ECC2AA03-4606-46D0-8B18-D4A5D1D07CEB}.Release|Any CPU.ActiveCfg = Release|Any CPU
		{ECC2AA03-4606-46D0-8B18-D4A5D1D07CEB}.Release|Any CPU.Build.0 = Release|Any CPU
		{BB69B93D-ACD5-42F3-A535-EB317C3F2188}.Debug|Any CPU.ActiveCfg = Debug|Any CPU
		{BB69B93D-ACD5-42F3-A535-EB317C3F2188}.Debug|Any CPU.Build.0 = Debug|Any CPU
		{BB69B93D-ACD5-42F3-A535-EB317C3F2188}.Release|Any CPU.ActiveCfg = Release|Any CPU
		{BB69B93D-ACD5-42F3-A535-EB317C3F2188}.Release|Any CPU.Build.0 = Release|Any CPU
		{EF1865EC-1307-47D9-BD13-CC1F57743DC2}.Debug|Any CPU.ActiveCfg = Debug|Any CPU
		{EF1865EC-1307-47D9-BD13-CC1F57743DC2}.Debug|Any CPU.Build.0 = Debug|Any CPU
		{EF1865EC-1307-47D9-BD13-CC1F57743DC2}.Release|Any CPU.ActiveCfg = Release|Any CPU
		{EF1865EC-1307-47D9-BD13-CC1F57743DC2}.Release|Any CPU.Build.0 = Release|Any CPU
	EndGlobalSection
	GlobalSection(SolutionProperties) = preSolution
		HideSolutionNode = FALSE
	EndGlobalSection
	GlobalSection(ExtensibilityGlobals) = postSolution
		SolutionGuid = {92B66642-082A-4D47-AC43-82D32AEE6E85}
	EndGlobalSection
EndGlobal
